{
  "name": "1415fee72ff6294b",
  "lockfileVersion": 3,
  "requires": true,
  "packages": {
    "": {
      "dependencies": {
        "create-vite": "^9.1.0"
      }
    },
    "node_modules/create-vite": {
      "version": "9.1.0",
      "resolved": "https://registry.npmjs.org/create-vite/-/create-vite-9.1.0.tgz",
      "integrity": "sha512-Cx4o8zQ2ZYtdD9ZjJ6Gptpwij4tBixxbgc1O5cEVub4NlzQE1CBmREPZTS18qw8w/LZ03VzzyvSS222q4JGyGw==",
      "license": "MIT",
      "bin": {
        "create-vite": "index.js",
        "cva": "index.js"
      },
      "engines": {
        "node": "^20.19.0 || >=22.12.0"
      },
      "funding": {
        "url": "https://github.com/vitejs/vite?sponsor=1"
      }
    }
  }
}
